{
  "version": 4,
  "terraform_version": "1.15.5",
  "serial": 3,
  "lineage": "3de03a36-60d6-d07a-0649-27d082e6f221",
  "outputs": {},
  "resources": [
    {
      "mode": "managed",
      "type": "aws_fsx_ontap_volume",
      "name": "lab_volume",
      "provider": "provider[\"registry.terraform.io/hashicorp/aws\"]",
      "instances": [
        {
          "schema_version": 0,
          "attributes": {
            "aggregate_configuration": [],
            "arn": "arn:aws:fsx:us-east-1:010928216350:volume/fs-02a04c25bf99a1a1c/fsvol-017443d9561577de7",
            "bypass_snaplock_enterprise_retention": false,
            "copy_tags_to_backups": false,
            "file_system_id": "fs-02a04c25bf99a1a1c",
            "final_backup_tags": null,
            "flexcache_endpoint_type": null,
            "id": "fsvol-017443d9561577de7",
            "junction_path": "/terraform_vol01",
            "name": "terraform_vol01",
            "ontap_volume_type": "RW",
            "security_style": "UNIX",
            "size_in_bytes": "107374182400",
            "size_in_megabytes": 102400,
            "skip_final_backup": false,
            "snaplock_configuration": [],
            "snapshot_policy": "default",
            "storage_efficiency_enabled": false,
            "storage_virtual_machine_id": "svm-0241e7b2e20132216",
            "tags": null,
            "tags_all": {},
            "tiering_policy": [
              {
                "cooling_period": 31,
                "name": "AUTO"
              }
            ],
            "timeouts": null,
            "uuid": "817c9464-5f57-11f1-a0c4-05b44409e668",
            "volume_style": "FLEXVOL",
            "volume_type": "ONTAP"
          },
          "sensitive_attributes": [],
          "identity_schema_version": 0,
          "private": "eyJlMmJmYjczMC1lY2FhLTExZTYtOGY4OC0zNDM2M2JjN2M0YzAiOnsiY3JlYXRlIjoxODAwMDAwMDAwMDAwLCJkZWxldGUiOjE4MDAwMDAwMDAwMDAsInVwZGF0ZSI6MTgwMDAwMDAwMDAwMH19"
        }
      ]
    }
  ],
  "check_results": null
}
